<?xml version="1.0" encoding="utf-8"?>
<Project ToolsVersion="4.0" xmlns="http://schemas.microsoft.com/developer/msbuild/2003">
  <ItemGroup>
    <Filter Include="Header Files">
      <UniqueIdentifier>{93995380-89BD-4b04-88EB-625FBE52EBFB}</UniqueIdentifier>
      <Extensions>h;hh;hpp;hxx;hm;inl;inc;ipp;xsd</Extensions>
    </Filter>
    <Filter Include="Resource Files">
      <UniqueIdentifier>{67DA6AB6-F800-4c08-8B7A-83BB121AAD01}</UniqueIdentifier>
      <Extensions>rc;ico;cur;bmp;dlg;rc2;rct;bin;rgs;gif;jpg;jpeg;jpe;resx;tiff;tif;png;wav;mfcribbon-ms</Extensions>
    </Filter>
    <Filter Include="structures">
      <UniqueIdentifier>{83e69431-9dca-4ed9-99d7-6f8f11a3bed8}</UniqueIdentifier>
    </Filter>
    <Filter Include="structures\array">
      <UniqueIdentifier>{fe62c6f0-1003-4b87-bfb7-8a334f875a60}</UniqueIdentifier>
    </Filter>
    <Filter Include="structures\list">
      <UniqueIdentifier>{e148cca1-9771-4500-8622-dad7aa5757c9}</UniqueIdentifier>
    </Filter>
    <Filter Include="structures\vector">
      <UniqueIdentifier>{a0da1308-d142-4cc6-9934-a02f9a237fbd}</UniqueIdentifier>
    </Filter>
    <Filter Include="structures\table">
      <UniqueIdentifier>{721754c4-1108-4da5-b600-b26faee1beea}</UniqueIdentifier>
    </Filter>
    <Filter Include="Kriteria">
      <UniqueIdentifier>{a43e41da-4505-49bf-8729-7201a3bd5e12}</UniqueIdentifier>
    </Filter>
    <Filter Include="Filtre">
      <UniqueIdentifier>{52dd9198-82cc-4529-8664-6eeeeeeea394}</UniqueIdentifier>
    </Filter>
    <Filter Include="Vyberove Kriteria">
      <UniqueIdentifier>{d9c5e2c9-be19-42eb-b721-877865a4ded0}</UniqueIdentifier>
    </Filter>
    <Filter Include="Source Files">
      <UniqueIdentifier>{4FC737F1-C7A5-4376-A066-2A32D752A2FF}</UniqueIdentifier>
      <Extensions>cpp;c;cc;cxx;def;odl;idl;hpj;bat;asm;asmx</Extensions>
    </Filter>
  </ItemGroup>
  <ItemGroup>
    <ClCompile Include="main.cpp">
      <Filter>Source Files</Filter>
    </ClCompile>
    <ClCompile Include="UzemnyCelok.cpp">
      <Filter>Source Files</Filter>
    </ClCompile>
    <ClCompile Include="VyssiUzemnyCelok.cpp">
      <Filter>Source Files</Filter>
    </ClCompile>
    <ClCompile Include="Obec.cpp">
      <Filter>Source Files</Filter>
    </ClCompile>
    <ClCompile Include="Okres.cpp">
      <Filter>Source Files</Filter>
    </ClCompile>
    <ClCompile Include="Kraj.cpp">
      <Filter>Source Files</Filter>
    </ClCompile>
    <ClCompile Include="Kandidat.cpp">
      <Filter>Source Files</Filter>
    </ClCompile>
    <ClCompile Include="DataManazer.cpp">
      <Filter>Source Files</Filter>
    </ClCompile>
    <ClCompile Include="structures\vector\vector.cpp">
      <Filter>structures\vector</Filter>
    </ClCompile>
    <ClCompile Include="structures\structure.cpp">
      <Filter>structures</Filter>
    </ClCompile>
    <ClCompile Include="structures\ds_routines.cpp">
      <Filter>structures</Filter>
    </ClCompile>
    <ClCompile Include="DataKolo.cpp">
      <Filter>Source Files</Filter>
    </ClCompile>
  </ItemGroup>
  <ItemGroup>
    <ClInclude Include="UzemnyCelok.h">
      <Filter>Header Files</Filter>
    </ClInclude>
    <ClInclude Include="VyssiUzemnyCelok.h">
      <Filter>Header Files</Filter>
    </ClInclude>
    <ClInclude Include="Obec.h">
      <Filter>Header Files</Filter>
    </ClInclude>
    <ClInclude Include="Okres.h">
      <Filter>Header Files</Filter>
    </ClInclude>
    <ClInclude Include="Kandidat.h">
      <Filter>Header Files</Filter>
    </ClInclude>
    <ClInclude Include="DataManazer.h">
      <Filter>Header Files</Filter>
    </ClInclude>
    <ClInclude Include="structures\structure.h">
      <Filter>structures</Filter>
    </ClInclude>
    <ClInclude Include="structures\list\list.h">
      <Filter>structures\list</Filter>
    </ClInclude>
    <ClInclude Include="structures\list\array_list.h">
      <Filter>structures\list</Filter>
    </ClInclude>
    <ClInclude Include="structures\vector\vector.h">
      <Filter>structures\vector</Filter>
    </ClInclude>
    <ClInclude Include="structures\array\array.h">
      <Filter>structures\array</Filter>
    </ClInclude>
    <ClInclude Include="structures\list\linked_list.h">
      <Filter>structures\list</Filter>
    </ClInclude>
    <ClInclude Include="structures\ds_routines.h">
      <Filter>structures</Filter>
    </ClInclude>
    <ClInclude Include="structures\heap_monitor.h">
      <Filter>structures</Filter>
    </ClInclude>
    <ClInclude Include="structures\table\treap.h">
      <Filter>structures\table</Filter>
    </ClInclude>
    <ClInclude Include="Kriterium.h">
      <Filter>Kriteria</Filter>
    </ClInclude>
    <ClInclude Include="Filter.h">
      <Filter>Filtre</Filter>
    </ClInclude>
    <ClInclude Include="KriteriumNazov.h">
      <Filter>Kriteria</Filter>
    </ClInclude>
    <ClInclude Include="KriteriumPrislusnostObce.h">
      <Filter>Kriteria</Filter>
    </ClInclude>
    <ClInclude Include="KriteriumVolici.h">
      <Filter>Kriteria</Filter>
    </ClInclude>
    <ClInclude Include="DataKolo.h">
      <Filter>Header Files</Filter>
    </ClInclude>
    <ClInclude Include="KriteriumVydaneObalky.h">
      <Filter>Kriteria</Filter>
    </ClInclude>
    <ClInclude Include="KriteriumUcast.h">
      <Filter>Kriteria</Filter>
    </ClInclude>
    <ClInclude Include="KriteriumOdovzdaneObalky.h">
      <Filter>Kriteria</Filter>
    </ClInclude>
    <ClInclude Include="KriteriumHlasyOdovzdane.h">
      <Filter>Kriteria</Filter>
    </ClInclude>
    <ClInclude Include="KriteriumMeno.h">
      <Filter>Kriteria</Filter>
    </ClInclude>
    <ClInclude Include="Kraj.h">
      <Filter>Header Files</Filter>
    </ClInclude>
    <ClInclude Include="Filterfi1.h">
      <Filter>Filtre</Filter>
    </ClInclude>
    <ClInclude Include="FilterFi2.h">
      <Filter>Filtre</Filter>
    </ClInclude>
    <ClInclude Include="FilterNazov.h">
      <Filter>Filtre</Filter>
    </ClInclude>
    <ClInclude Include="FilterVolici.h">
      <Filter>Filtre</Filter>
    </ClInclude>
    <ClInclude Include="KriteriumHlasyZiskane.h">
      <Filter>Kriteria</Filter>
    </ClInclude>
    <ClInclude Include="FilterUcast.h">
      <Filter>Filtre</Filter>
    </ClInclude>
    <ClInclude Include="FilterPrislusnostObce.h">
      <Filter>Filtre</Filter>
    </ClInclude>
    <ClInclude Include="FilterMeno.h">
      <Filter>Filtre</Filter>
    </ClInclude>
    <ClInclude Include="VyberoveKriterium.h">
      <Filter>Header Files</Filter>
    </ClInclude>
  </ItemGroup>
</Project>